
Microsoft Visual Studio Solution File, Format Version 12.00
# Visual Studio Version 16
VisualStudioVersion = 16.0.30204.135
MinimumVisualStudioVersion = 10.0.40219.1
Project("{FAE04EC0-301F-11D3-BF4B-00C04F79EFBC}") = "SystemFrameWork", "SystemFrameWork\SystemFrameWork.csproj", "{91B0A7AC-C143-4754-8412-4381E76CE9D3}"
EndProject
Project("{FAE04EC0-301F-11D3-BF4B-00C04F79EFBC}") = "DataAccess", "DataAccess\DataAccess.csProj", "{84AF2FB2-D3CC-4753-8C5C-1AA143B3F8B4}"
EndProject
Project("{FAE04EC0-301F-11D3-BF4B-00C04F79EFBC}") = "BusinessRules", "BusinessRules\BusinessRules.csproj", "{29C30324-29B3-4310-BC11-A222A045BAA1}"
EndProject
Project("{E24C65DC-7377-472B-9ABA-BC803B73C61A}") = "WebUI", "WebUI\", "{0DB4CF04-9D12-41F3-A79F-ED86CC95B428}"
	ProjectSection(WebsiteProperties) = preProject
		TargetFrameworkMoniker = ".NETFramework,Version%3Dv4.5"
		Debug.AspNetCompiler.VirtualPath = "/WebUI"
		Debug.AspNetCompiler.PhysicalPath = "WebUI\"
		Debug.AspNetCompiler.TargetPath = "PrecompiledWeb\WebUI\"
		Debug.AspNetCompiler.Updateable = "true"
		Debug.AspNetCompiler.ForceOverwrite = "true"
		Debug.AspNetCompiler.FixedNames = "false"
		Debug.AspNetCompiler.Debug = "True"
		Release.AspNetCompiler.VirtualPath = "/WebUI"
		Release.AspNetCompiler.PhysicalPath = "WebUI\"
		Release.AspNetCompiler.TargetPath = "PrecompiledWeb\WebUI\"
		Release.AspNetCompiler.Updateable = "true"
		Release.AspNetCompiler.ForceOverwrite = "true"
		Release.AspNetCompiler.FixedNames = "false"
		Release.AspNetCompiler.Debug = "False"
		VWDPort = "64040"
		SlnRelativePath = "WebUI\"
	EndProjectSection
EndProject
Global
	GlobalSection(SolutionConfigurationPlatforms) = preSolution
		Debug|Any CPU = Debug|Any CPU
		Release|Any CPU = Release|Any CPU
	EndGlobalSection
	GlobalSection(ProjectConfigurationPlatforms) = postSolution
		{91B0A7AC-C143-4754-8412-4381E76CE9D3}.Debug|Any CPU.ActiveCfg = Debug|Any CPU
		{91B0A7AC-C143-4754-8412-4381E76CE9D3}.Debug|Any CPU.Build.0 = Debug|Any CPU
		{91B0A7AC-C143-4754-8412-4381E76CE9D3}.Release|Any CPU.ActiveCfg = Release|Any CPU
		{91B0A7AC-C143-4754-8412-4381E76CE9D3}.Release|Any CPU.Build.0 = Release|Any CPU
		{84AF2FB2-D3CC-4753-8C5C-1AA143B3F8B4}.Debug|Any CPU.ActiveCfg = Debug|Any CPU
		{84AF2FB2-D3CC-4753-8C5C-1AA143B3F8B4}.Debug|Any CPU.Build.0 = Debug|Any CPU
		{84AF2FB2-D3CC-4753-8C5C-1AA143B3F8B4}.Release|Any CPU.ActiveCfg = Release|Any CPU
		{84AF2FB2-D3CC-4753-8C5C-1AA143B3F8B4}.Release|Any CPU.Build.0 = Release|Any CPU
		{29C30324-29B3-4310-BC11-A222A045BAA1}.Debug|Any CPU.ActiveCfg = Debug|Any CPU
		{29C30324-29B3-4310-BC11-A222A045BAA1}.Debug|Any CPU.Build.0 = Debug|Any CPU
		{29C30324-29B3-4310-BC11-A222A045BAA1}.Release|Any CPU.ActiveCfg = Release|Any CPU
		{29C30324-29B3-4310-BC11-A222A045BAA1}.Release|Any CPU.Build.0 = Release|Any CPU
		{0DB4CF04-9D12-41F3-A79F-ED86CC95B428}.Debug|Any CPU.ActiveCfg = Debug|Any CPU
		{0DB4CF04-9D12-41F3-A79F-ED86CC95B428}.Debug|Any CPU.Build.0 = Debug|Any CPU
		{0DB4CF04-9D12-41F3-A79F-ED86CC95B428}.Release|Any CPU.ActiveCfg = Debug|Any CPU
		{0DB4CF04-9D12-41F3-A79F-ED86CC95B428}.Release|Any CPU.Build.0 = Debug|Any CPU
	EndGlobalSection
	GlobalSection(SolutionProperties) = preSolution
		HideSolutionNode = FALSE
	EndGlobalSection
	GlobalSection(ExtensibilityGlobals) = postSolution
		SolutionGuid = {9B3E0E95-AC40-44A6-90BD-5CE2380EDB14}
	EndGlobalSection
EndGlobal
